
Microsoft Visual Studio Solution File, Format Version 12.00
# Visual Studio 15
Project("{FAE04EC0-301F-11D3-BF4B-00C04F79EFBC}") = "Basement Breakout", "Assembly-CSharp.csproj", "{5E81E4D2-81C5-7383-71F1-941F1F1BAE60}"
EndProject
Project("{FAE04EC0-301F-11D3-BF4B-00C04F79EFBC}") = "Basement Breakout", "Assembly-CSharp-Editor.csproj", "{A5DB5345-3EA8-FBC0-6964-7CB38E66CFC4}"
EndProject
Global
	GlobalSection(SolutionConfigurationPlatforms) = preSolution
		Debug|Any CPU = Debug|Any CPU
		Release|Any CPU = Release|Any CPU
	EndGlobalSection
	GlobalSection(ProjectConfigurationPlatforms) = postSolution
		{5E81E4D2-81C5-7383-71F1-941F1F1BAE60}.Debug|Any CPU.ActiveCfg = Debug|Any CPU
		{5E81E4D2-81C5-7383-71F1-941F1F1BAE60}.Debug|Any CPU.Build.0 = Debug|Any CPU
		{5E81E4D2-81C5-7383-71F1-941F1F1BAE60}.Release|Any CPU.ActiveCfg = Release|Any CPU
		{5E81E4D2-81C5-7383-71F1-941F1F1BAE60}.Release|Any CPU.Build.0 = Release|Any CPU
		{A5DB5345-3EA8-FBC0-6964-7CB38E66CFC4}.Debug|Any CPU.ActiveCfg = Debug|Any CPU
		{A5DB5345-3EA8-FBC0-6964-7CB38E66CFC4}.Debug|Any CPU.Build.0 = Debug|Any CPU
		{A5DB5345-3EA8-FBC0-6964-7CB38E66CFC4}.Release|Any CPU.ActiveCfg = Release|Any CPU
		{A5DB5345-3EA8-FBC0-6964-7CB38E66CFC4}.Release|Any CPU.Build.0 = Release|Any CPU
	EndGlobalSection
	GlobalSection(SolutionProperties) = preSolution
		HideSolutionNode = FALSE
	EndGlobalSection
EndGlobal
