
Microsoft Visual Studio Solution File, Format Version 12.00
# Visual Studio 15
Project("{FAE04EC0-301F-11D3-BF4B-00C04F79EFBC}") = "Perplexit", "Assembly-CSharp.csproj", "{A487AF2B-2946-EC9E-5980-F58D449419E7}"
EndProject
Project("{FAE04EC0-301F-11D3-BF4B-00C04F79EFBC}") = "Perplexit", "Assembly-CSharp-Editor.csproj", "{DC935125-CA5C-1452-CDC9-6040BB7F8B89}"
EndProject
Global
	GlobalSection(SolutionConfigurationPlatforms) = preSolution
		Debug|Any CPU = Debug|Any CPU
		Release|Any CPU = Release|Any CPU
	EndGlobalSection
	GlobalSection(ProjectConfigurationPlatforms) = postSolution
		{A487AF2B-2946-EC9E-5980-F58D449419E7}.Debug|Any CPU.ActiveCfg = Debug|Any CPU
		{A487AF2B-2946-EC9E-5980-F58D449419E7}.Debug|Any CPU.Build.0 = Debug|Any CPU
		{A487AF2B-2946-EC9E-5980-F58D449419E7}.Release|Any CPU.ActiveCfg = Release|Any CPU
		{A487AF2B-2946-EC9E-5980-F58D449419E7}.Release|Any CPU.Build.0 = Release|Any CPU
		{DC935125-CA5C-1452-CDC9-6040BB7F8B89}.Debug|Any CPU.ActiveCfg = Debug|Any CPU
		{DC935125-CA5C-1452-CDC9-6040BB7F8B89}.Debug|Any CPU.Build.0 = Debug|Any CPU
		{DC935125-CA5C-1452-CDC9-6040BB7F8B89}.Release|Any CPU.ActiveCfg = Release|Any CPU
		{DC935125-CA5C-1452-CDC9-6040BB7F8B89}.Release|Any CPU.Build.0 = Release|Any CPU
	EndGlobalSection
	GlobalSection(SolutionProperties) = preSolution
		HideSolutionNode = FALSE
	EndGlobalSection
EndGlobal
